
Microsoft Visual Studio Solution File, Format Version 12.00
# Visual Studio Version 17
VisualStudioVersion = 17.11.35222.181
MinimumVisualStudioVersion = 10.0.40219.1
Project("{FAE04EC0-301F-11D3-BF4B-00C04F79EFBC}") = "WebProject", "WebProject.csproj", "{9CF07477-F731-421C-9337-F068D9A0A8D5}"
EndProject
Global
	GlobalSection(SolutionConfigurationPlatforms) = preSolution
		Debug|Any CPU = Debug|Any CPU
		Release|Any CPU = Release|Any CPU
	EndGlobalSection
	GlobalSection(ProjectConfigurationPlatforms) = postSolution
		{9CF07477-F731-421C-9337-F068D9A0A8D5}.Debug|Any CPU.ActiveCfg = Debug|Any CPU
		{9CF07477-F731-421C-9337-F068D9A0A8D5}.Debug|Any CPU.Build.0 = Debug|Any CPU
		{9CF07477-F731-421C-9337-F068D9A0A8D5}.Release|Any CPU.ActiveCfg = Release|Any CPU
		{9CF07477-F731-421C-9337-F068D9A0A8D5}.Release|Any CPU.Build.0 = Release|Any CPU
	EndGlobalSection
	GlobalSection(SolutionProperties) = preSolution
		HideSolutionNode = FALSE
	EndGlobalSection
	GlobalSection(ExtensibilityGlobals) = postSolution
		SolutionGuid = {3634B532-9F04-4217-B689-DC08E98D3C30}
	EndGlobalSection
EndGlobal
